
Microsoft Visual Studio Solution File, Format Version 12.00
# Visual Studio Version 17
VisualStudioVersion = 17.6.33815.320
MinimumVisualStudioVersion = 10.0.40219.1
Project("{FAE04EC0-301F-11D3-BF4B-00C04F79EFBC}") = "JsonPropertyAdapter", "JsonPropertyAdapter\JsonPropertyAdapter.csproj", "{5445AE9A-3EB9-4D76-9E1C-42DB5813FFD4}"
EndProject
Global
	GlobalSection(SolutionConfigurationPlatforms) = preSolution
		Debug|Any CPU = Debug|Any CPU
		Release|Any CPU = Release|Any CPU
	EndGlobalSection
	GlobalSection(ProjectConfigurationPlatforms) = postSolution
		{5445AE9A-3EB9-4D76-9E1C-42DB5813FFD4}.Debug|Any CPU.ActiveCfg = Debug|Any CPU
		{5445AE9A-3EB9-4D76-9E1C-42DB5813FFD4}.Debug|Any CPU.Build.0 = Debug|Any CPU
		{5445AE9A-3EB9-4D76-9E1C-42DB5813FFD4}.Release|Any CPU.ActiveCfg = Release|Any CPU
		{5445AE9A-3EB9-4D76-9E1C-42DB5813FFD4}.Release|Any CPU.Build.0 = Release|Any CPU
	EndGlobalSection
	GlobalSection(SolutionProperties) = preSolution
		HideSolutionNode = FALSE
	EndGlobalSection
	GlobalSection(ExtensibilityGlobals) = postSolution
		SolutionGuid = {28AE7427-D001-4C70-8DFD-E2C3C2D7DB69}
	EndGlobalSection
EndGlobal
